
Microsoft Visual Studio Solution File, Format Version 12.00
# Visual Studio Version 17
VisualStudioVersion = 17.3.32819.101
MinimumVisualStudioVersion = 10.0.40219.1
Project("{FAE04EC0-301F-11D3-BF4B-00C04F79EFBC}") = "CinameTicket", "CinameTicket\CinameTicket.csproj", "{C685C2D7-0669-475D-98A7-0D4D19B1B091}"
EndProject
Global
	GlobalSection(SolutionConfigurationPlatforms) = preSolution
		Debug|Any CPU = Debug|Any CPU
		Release|Any CPU = Release|Any CPU
	EndGlobalSection
	GlobalSection(ProjectConfigurationPlatforms) = postSolution
		{C685C2D7-0669-475D-98A7-0D4D19B1B091}.Debug|Any CPU.ActiveCfg = Debug|Any CPU
		{C685C2D7-0669-475D-98A7-0D4D19B1B091}.Debug|Any CPU.Build.0 = Debug|Any CPU
		{C685C2D7-0669-475D-98A7-0D4D19B1B091}.Release|Any CPU.ActiveCfg = Release|Any CPU
		{C685C2D7-0669-475D-98A7-0D4D19B1B091}.Release|Any CPU.Build.0 = Release|Any CPU
	EndGlobalSection
	GlobalSection(SolutionProperties) = preSolution
		HideSolutionNode = FALSE
	EndGlobalSection
	GlobalSection(ExtensibilityGlobals) = postSolution
		SolutionGuid = {B6DC18F8-D0E6-4E56-8B6F-F20DEAB3F86E}
	EndGlobalSection
EndGlobal
